
Microsoft Visual Studio Solution File, Format Version 12.00
# Visual Studio Version 17
VisualStudioVersion = 17.9.34622.214
MinimumVisualStudioVersion = 10.0.40219.1
Project("{FAE04EC0-301F-11D3-BF4B-00C04F79EFBC}") = "VdpNoteBook", "VdpNoteBook\VdpNoteBook.csproj", "{F05AEABB-5F82-4BE4-8B07-AFDDFE1DAB95}"
EndProject
Project("{FAE04EC0-301F-11D3-BF4B-00C04F79EFBC}") = "Logic", "Logic\Logic.csproj", "{0CB534D1-3093-498E-9FFB-05841D2A6272}"
EndProject
Project("{FAE04EC0-301F-11D3-BF4B-00C04F79EFBC}") = "TestLogic", "TestLogic\TestLogic.csproj", "{AF231210-BA36-45FE-B377-E3D21AB65A71}"
EndProject
Global
	GlobalSection(SolutionConfigurationPlatforms) = preSolution
		Debug|Any CPU = Debug|Any CPU
		Release|Any CPU = Release|Any CPU
	EndGlobalSection
	GlobalSection(ProjectConfigurationPlatforms) = postSolution
		{F05AEABB-5F82-4BE4-8B07-AFDDFE1DAB95}.Debug|Any CPU.ActiveCfg = Debug|Any CPU
		{F05AEABB-5F82-4BE4-8B07-AFDDFE1DAB95}.Debug|Any CPU.Build.0 = Debug|Any CPU
		{F05AEABB-5F82-4BE4-8B07-AFDDFE1DAB95}.Release|Any CPU.ActiveCfg = Release|Any CPU
		{F05AEABB-5F82-4BE4-8B07-AFDDFE1DAB95}.Release|Any CPU.Build.0 = Release|Any CPU
		{0CB534D1-3093-498E-9FFB-05841D2A6272}.Debug|Any CPU.ActiveCfg = Debug|Any CPU
		{0CB534D1-3093-498E-9FFB-05841D2A6272}.Debug|Any CPU.Build.0 = Debug|Any CPU
		{0CB534D1-3093-498E-9FFB-05841D2A6272}.Release|Any CPU.ActiveCfg = Release|Any CPU
		{0CB534D1-3093-498E-9FFB-05841D2A6272}.Release|Any CPU.Build.0 = Release|Any CPU
		{AF231210-BA36-45FE-B377-E3D21AB65A71}.Debug|Any CPU.ActiveCfg = Debug|Any CPU
		{AF231210-BA36-45FE-B377-E3D21AB65A71}.Debug|Any CPU.Build.0 = Debug|Any CPU
		{AF231210-BA36-45FE-B377-E3D21AB65A71}.Release|Any CPU.ActiveCfg = Release|Any CPU
		{AF231210-BA36-45FE-B377-E3D21AB65A71}.Release|Any CPU.Build.0 = Release|Any CPU
	EndGlobalSection
	GlobalSection(SolutionProperties) = preSolution
		HideSolutionNode = FALSE
	EndGlobalSection
	GlobalSection(ExtensibilityGlobals) = postSolution
		SolutionGuid = {E379D8A6-77B1-4592-B3FE-82FF7FB3AD8D}
	EndGlobalSection
EndGlobal
